
Microsoft Visual Studio Solution File, Format Version 12.00
# Visual Studio Version 17
VisualStudioVersion = 17.4.33213.308
MinimumVisualStudioVersion = 10.0.40219.1
Project("{FAE04EC0-301F-11D3-BF4B-00C04F79EFBC}") = "Week8EpicGame", "Week8EpicGame\Week8EpicGame.csproj", "{5DBB3EEB-CC1F-4501-959C-E42FABD7D4EA}"
EndProject
Global
	GlobalSection(SolutionConfigurationPlatforms) = preSolution
		Debug|Any CPU = Debug|Any CPU
		Release|Any CPU = Release|Any CPU
	EndGlobalSection
	GlobalSection(ProjectConfigurationPlatforms) = postSolution
		{5DBB3EEB-CC1F-4501-959C-E42FABD7D4EA}.Debug|Any CPU.ActiveCfg = Debug|Any CPU
		{5DBB3EEB-CC1F-4501-959C-E42FABD7D4EA}.Debug|Any CPU.Build.0 = Debug|Any CPU
		{5DBB3EEB-CC1F-4501-959C-E42FABD7D4EA}.Release|Any CPU.ActiveCfg = Release|Any CPU
		{5DBB3EEB-CC1F-4501-959C-E42FABD7D4EA}.Release|Any CPU.Build.0 = Release|Any CPU
	EndGlobalSection
	GlobalSection(SolutionProperties) = preSolution
		HideSolutionNode = FALSE
	EndGlobalSection
	GlobalSection(ExtensibilityGlobals) = postSolution
		SolutionGuid = {014AE9F0-D828-4A0F-945C-6C7CD9B8F32E}
	EndGlobalSection
EndGlobal
